// !$*UTF8*$!
{
	archiveVersion = 1;
	classes = {
	};
	objectVersion = 56;
	objects = {

/* Begin PBXBuildFile section */
		CAB45E6229A673E5006C804E /* Africa_SwiftUIApp.swift in Sources */ = {isa = PBXBuildFile; fileRef = CAB45E6129A673E5006C804E /* Africa_SwiftUIApp.swift */; };
		CAB45E6429A673E5006C804E /* ContentView.swift in Sources */ = {isa = PBXBuildFile; fileRef = CAB45E6329A673E5006C804E /* ContentView.swift */; };
		CAB45E6629A673E8006C804E /* Assets.xcassets in Resources */ = {isa = PBXBuildFile; fileRef = CAB45E6529A673E8006C804E /* Assets.xcassets */; };
		CAB45E6929A673E8006C804E /* Preview Assets.xcassets in Resources */ = {isa = PBXBuildFile; fileRef = CAB45E6829A673E8006C804E /* Preview Assets.xcassets */; };
		CAB45E7A29A67AB5006C804E /* rhino.mp4 in Resources */ = {isa = PBXBuildFile; fileRef = CAB45E7029A67AB2006C804E /* rhino.mp4 */; };
		CAB45E7B29A67AB5006C804E /* giraffe.mp4 in Resources */ = {isa = PBXBuildFile; fileRef = CAB45E7129A67AB2006C804E /* giraffe.mp4 */; };
		CAB45E7C29A67AB5006C804E /* gorilla.mp4 in Resources */ = {isa = PBXBuildFile; fileRef = CAB45E7229A67AB3006C804E /* gorilla.mp4 */; };
		CAB45E7D29A67AB5006C804E /* hippo.mp4 in Resources */ = {isa = PBXBuildFile; fileRef = CAB45E7329A67AB3006C804E /* hippo.mp4 */; };
		CAB45E7E29A67AB5006C804E /* cheetah.mp4 in Resources */ = {isa = PBXBuildFile; fileRef = CAB45E7429A67AB3006C804E /* cheetah.mp4 */; };
		CAB45E7F29A67AB5006C804E /* elephant.mp4 in Resources */ = {isa = PBXBuildFile; fileRef = CAB45E7529A67AB4006C804E /* elephant.mp4 */; };
		CAB45E8029A67AB5006C804E /* lioness.mp4 in Resources */ = {isa = PBXBuildFile; fileRef = CAB45E7629A67AB4006C804E /* lioness.mp4 */; };
		CAB45E8129A67AB5006C804E /* ostrich.mp4 in Resources */ = {isa = PBXBuildFile; fileRef = CAB45E7729A67AB4006C804E /* ostrich.mp4 */; };
		CAB45E8229A67AB5006C804E /* zebra.mp4 in Resources */ = {isa = PBXBuildFile; fileRef = CAB45E7829A67AB5006C804E /* zebra.mp4 */; };
		CAB45E8329A67AB5006C804E /* lion.mp4 in Resources */ = {isa = PBXBuildFile; fileRef = CAB45E7929A67AB5006C804E /* lion.mp4 */; };
		CAB45E8A29A67AF5006C804E /* covers.json in Resources */ = {isa = PBXBuildFile; fileRef = CAB45E8529A67AF5006C804E /* covers.json */; };
		CAB45E8B29A67AF5006C804E /* animals.json in Resources */ = {isa = PBXBuildFile; fileRef = CAB45E8629A67AF5006C804E /* animals.json */; };
		CAB45E8C29A67AF5006C804E /* locations.json in Resources */ = {isa = PBXBuildFile; fileRef = CAB45E8729A67AF5006C804E /* locations.json */; };
		CAB45E8E29A67AF5006C804E /* videos.json in Resources */ = {isa = PBXBuildFile; fileRef = CAB45E8929A67AF5006C804E /* videos.json */; };
		CAB45E9229A67C35006C804E /* VideoListView.swift in Sources */ = {isa = PBXBuildFile; fileRef = CAB45E9129A67C35006C804E /* VideoListView.swift */; };
		CAB45E9429A67C4F006C804E /* MapView.swift in Sources */ = {isa = PBXBuildFile; fileRef = CAB45E9329A67C4F006C804E /* MapView.swift */; };
		CAB45E9629A67C6C006C804E /* GalleryView.swift in Sources */ = {isa = PBXBuildFile; fileRef = CAB45E9529A67C6C006C804E /* GalleryView.swift */; };
		CAB45E9829A67C86006C804E /* MainView.swift in Sources */ = {isa = PBXBuildFile; fileRef = CAB45E9729A67C86006C804E /* MainView.swift */; };
		CAB61B4B29A68119009B4D45 /* CoverImageView.swift in Sources */ = {isa = PBXBuildFile; fileRef = CAB61B4A29A68119009B4D45 /* CoverImageView.swift */; };
		CAB61B4E29A682BA009B4D45 /* CoverImageModel.swift in Sources */ = {isa = PBXBuildFile; fileRef = CAB61B4D29A682BA009B4D45 /* CoverImageModel.swift */; };
		CAB61B5129A68381009B4D45 /* CodableBundleExtension.swift in Sources */ = {isa = PBXBuildFile; fileRef = CAB61B5029A68381009B4D45 /* CodableBundleExtension.swift */; };
		CAB61B5329A6863E009B4D45 /* AnimalListItemView.swift in Sources */ = {isa = PBXBuildFile; fileRef = CAB61B5229A6863E009B4D45 /* AnimalListItemView.swift */; };
		CAB61B5529A6875B009B4D45 /* AnimalModel.swift in Sources */ = {isa = PBXBuildFile; fileRef = CAB61B5429A6875B009B4D45 /* AnimalModel.swift */; };
		CADA025629A7E7D3001783D6 /* AnimalDetailView.swift in Sources */ = {isa = PBXBuildFile; fileRef = CADA025529A7E7D3001783D6 /* AnimalDetailView.swift */; };
		CADA025829A7E99A001783D6 /* HeadingView.swift in Sources */ = {isa = PBXBuildFile; fileRef = CADA025729A7E99A001783D6 /* HeadingView.swift */; };
		CADA025A29A7EA99001783D6 /* InsetGalleryView.swift in Sources */ = {isa = PBXBuildFile; fileRef = CADA025929A7EA99001783D6 /* InsetGalleryView.swift */; };
		CADA025C29A7ED26001783D6 /* InsetFactView.swift in Sources */ = {isa = PBXBuildFile; fileRef = CADA025B29A7ED26001783D6 /* InsetFactView.swift */; };
		CADA025E29A7EEBC001783D6 /* InsetMapView.swift in Sources */ = {isa = PBXBuildFile; fileRef = CADA025D29A7EEBC001783D6 /* InsetMapView.swift */; };
		CADA026029A7F0A6001783D6 /* ExternalWeblinkView.swift in Sources */ = {isa = PBXBuildFile; fileRef = CADA025F29A7F0A6001783D6 /* ExternalWeblinkView.swift */; };
		CADA026229A7F2CB001783D6 /* VideoModel.swift in Sources */ = {isa = PBXBuildFile; fileRef = CADA026129A7F2CB001783D6 /* VideoModel.swift */; };
		CADA026429A7F311001783D6 /* VideoListItemView.swift in Sources */ = {isa = PBXBuildFile; fileRef = CADA026329A7F311001783D6 /* VideoListItemView.swift */; };
/* End PBXBuildFile section */

/* Begin PBXFileReference section */
		CAB45E5E29A673E5006C804E /* Africa_SwiftUI.app */ = {isa = PBXFileReference; explicitFileType = wrapper.application; includeInIndex = 0; path = Africa_SwiftUI.app; sourceTree = BUILT_PRODUCTS_DIR; };
		CAB45E6129A673E5006C804E /* Africa_SwiftUIApp.swift */ = {isa = PBXFileReference; lastKnownFileType = sourcecode.swift; path = Africa_SwiftUIApp.swift; sourceTree = "<group>"; };
		CAB45E6329A673E5006C804E /* ContentView.swift */ = {isa = PBXFileReference; lastKnownFileType = sourcecode.swift; path = ContentView.swift; sourceTree = "<group>"; };
		CAB45E6529A673E8006C804E /* Assets.xcassets */ = {isa = PBXFileReference; lastKnownFileType = folder.assetcatalog; path = Assets.xcassets; sourceTree = "<group>"; };
		CAB45E6829A673E8006C804E /* Preview Assets.xcassets */ = {isa = PBXFileReference; lastKnownFileType = folder.assetcatalog; path = "Preview Assets.xcassets"; sourceTree = "<group>"; };
		CAB45E7029A67AB2006C804E /* rhino.mp4 */ = {isa = PBXFileReference; lastKnownFileType = file; path = rhino.mp4; sourceTree = "<group>"; };
		CAB45E7129A67AB2006C804E /* giraffe.mp4 */ = {isa = PBXFileReference; lastKnownFileType = file; path = giraffe.mp4; sourceTree = "<group>"; };
		CAB45E7229A67AB3006C804E /* gorilla.mp4 */ = {isa = PBXFileReference; lastKnownFileType = file; path = gorilla.mp4; sourceTree = "<group>"; };
		CAB45E7329A67AB3006C804E /* hippo.mp4 */ = {isa = PBXFileReference; lastKnownFileType = file; path = hippo.mp4; sourceTree = "<group>"; };
		CAB45E7429A67AB3006C804E /* cheetah.mp4 */ = {isa = PBXFileReference; lastKnownFileType = file; path = cheetah.mp4; sourceTree = "<group>"; };
		CAB45E7529A67AB4006C804E /* elephant.mp4 */ = {isa = PBXFileReference; lastKnownFileType = file; path = elephant.mp4; sourceTree = "<group>"; };
		CAB45E7629A67AB4006C804E /* lioness.mp4 */ = {isa = PBXFileReference; lastKnownFileType = file; path = lioness.mp4; sourceTree = "<group>"; };
		CAB45E7729A67AB4006C804E /* ostrich.mp4 */ = {isa = PBXFileReference; lastKnownFileType = file; path = ostrich.mp4; sourceTree = "<group>"; };
		CAB45E7829A67AB5006C804E /* zebra.mp4 */ = {isa = PBXFileReference; lastKnownFileType = file; path = zebra.mp4; sourceTree = "<group>"; };
		CAB45E7929A67AB5006C804E /* lion.mp4 */ = {isa = PBXFileReference; lastKnownFileType = file; path = lion.mp4; sourceTree = "<group>"; };
		CAB45E8529A67AF5006C804E /* covers.json */ = {isa = PBXFileReference; fileEncoding = 4; lastKnownFileType = text.json; path = covers.json; sourceTree = "<group>"; };
		CAB45E8629A67AF5006C804E /* animals.json */ = {isa = PBXFileReference; fileEncoding = 4; lastKnownFileType = text.json; path = animals.json; sourceTree = "<group>"; };
		CAB45E8729A67AF5006C804E /* locations.json */ = {isa = PBXFileReference; fileEncoding = 4; lastKnownFileType = text.json; path = locations.json; sourceTree = "<group>"; };
		CAB45E8929A67AF5006C804E /* videos.json */ = {isa = PBXFileReference; fileEncoding = 4; lastKnownFileType = text.json; path = videos.json; sourceTree = "<group>"; };
		CAB45E8F29A67B7B006C804E /* Africa-SwiftUI-Info.plist */ = {isa = PBXFileReference; lastKnownFileType = text.plist; path = "Africa-SwiftUI-Info.plist"; sourceTree = SOURCE_ROOT; };
		CAB45E9129A67C35006C804E /* VideoListView.swift */ = {isa = PBXFileReference; lastKnownFileType = sourcecode.swift; path = VideoListView.swift; sourceTree = "<group>"; };
		CAB45E9329A67C4F006C804E /* MapView.swift */ = {isa = PBXFileReference; lastKnownFileType = sourcecode.swift; path = MapView.swift; sourceTree = "<group>"; };
		CAB45E9529A67C6C006C804E /* GalleryView.swift */ = {isa = PBXFileReference; lastKnownFileType = sourcecode.swift; path = GalleryView.swift; sourceTree = "<group>"; };
		CAB45E9729A67C86006C804E /* MainView.swift */ = {isa = PBXFileReference; lastKnownFileType = sourcecode.swift; path = MainView.swift; sourceTree = "<group>"; };
		CAB61B4A29A68119009B4D45 /* CoverImageView.swift */ = {isa = PBXFileReference; lastKnownFileType = sourcecode.swift; path = CoverImageView.swift; sourceTree = "<group>"; };
		CAB61B4D29A682BA009B4D45 /* CoverImageModel.swift */ = {isa = PBXFileReference; lastKnownFileType = sourcecode.swift; path = CoverImageModel.swift; sourceTree = "<group>"; };
		CAB61B5029A68381009B4D45 /* CodableBundleExtension.swift */ = {isa = PBXFileReference; lastKnownFileType = sourcecode.swift; path = CodableBundleExtension.swift; sourceTree = "<group>"; };
		CAB61B5229A6863E009B4D45 /* AnimalListItemView.swift */ = {isa = PBXFileReference; lastKnownFileType = sourcecode.swift; path = AnimalListItemView.swift; sourceTree = "<group>"; };
		CAB61B5429A6875B009B4D45 /* AnimalModel.swift */ = {isa = PBXFileReference; lastKnownFileType = sourcecode.swift; path = AnimalModel.swift; sourceTree = "<group>"; };
		CADA025529A7E7D3001783D6 /* AnimalDetailView.swift */ = {isa = PBXFileReference; lastKnownFileType = sourcecode.swift; path = AnimalDetailView.swift; sourceTree = "<group>"; };
		CADA025729A7E99A001783D6 /* HeadingView.swift */ = {isa = PBXFileReference; lastKnownFileType = sourcecode.swift; path = HeadingView.swift; sourceTree = "<group>"; };
		CADA025929A7EA99001783D6 /* InsetGalleryView.swift */ = {isa = PBXFileReference; lastKnownFileType = sourcecode.swift; path = InsetGalleryView.swift; sourceTree = "<group>"; };
		CADA025B29A7ED26001783D6 /* InsetFactView.swift */ = {isa = PBXFileReference; lastKnownFileType = sourcecode.swift; path = InsetFactView.swift; sourceTree = "<group>"; };
		CADA025D29A7EEBC001783D6 /* InsetMapView.swift */ = {isa = PBXFileReference; lastKnownFileType = sourcecode.swift; path = InsetMapView.swift; sourceTree = "<group>"; };
		CADA025F29A7F0A6001783D6 /* ExternalWeblinkView.swift */ = {isa = PBXFileReference; lastKnownFileType = sourcecode.swift; path = ExternalWeblinkView.swift; sourceTree = "<group>"; };
		CADA026129A7F2CB001783D6 /* VideoModel.swift */ = {isa = PBXFileReference; lastKnownFileType = sourcecode.swift; path = VideoModel.swift; sourceTree = "<group>"; };
		CADA026329A7F311001783D6 /* VideoListItemView.swift */ = {isa = PBXFileReference; lastKnownFileType = sourcecode.swift; path = VideoListItemView.swift; sourceTree = "<group>"; };
/* End PBXFileReference section */

/* Begin PBXFrameworksBuildPhase section */
		CAB45E5B29A673E5006C804E /* Frameworks */ = {
			isa = PBXFrameworksBuildPhase;
			buildActionMask = 2147483647;
			files = (
			);
			runOnlyForDeploymentPostprocessing = 0;
		};
/* End PBXFrameworksBuildPhase section */

/* Begin PBXGroup section */
		CAB45E5529A673E5006C804E = {
			isa = PBXGroup;
			children = (
				CAB45E6029A673E5006C804E /* Africa_SwiftUI */,
				CAB45E5F29A673E5006C804E /* Products */,
			);
			sourceTree = "<group>";
		};
		CAB45E5F29A673E5006C804E /* Products */ = {
			isa = PBXGroup;
			children = (
				CAB45E5E29A673E5006C804E /* Africa_SwiftUI.app */,
			);
			name = Products;
			sourceTree = "<group>";
		};
		CAB45E6029A673E5006C804E /* Africa_SwiftUI */ = {
			isa = PBXGroup;
			children = (
				CAB45E9029A67C0F006C804E /* App */,
				CAB61B4F29A68371009B4D45 /* Extension */,
				CAB61B4C29A682AD009B4D45 /* Model */,
				CAB61B4929A680FC009B4D45 /* View */,
				CAB45E8F29A67B7B006C804E /* Africa-SwiftUI-Info.plist */,
				CAB45E8429A67ADC006C804E /* Data */,
				CAB45E6F29A67A9C006C804E /* Video */,
				CAB45E6529A673E8006C804E /* Assets.xcassets */,
				CAB45E6729A673E8006C804E /* Preview Content */,
			);
			path = Africa_SwiftUI;
			sourceTree = "<group>";
		};
		CAB45E6729A673E8006C804E /* Preview Content */ = {
			isa = PBXGroup;
			children = (
				CAB45E6829A673E8006C804E /* Preview Assets.xcassets */,
			);
			path = "Preview Content";
			sourceTree = "<group>";
		};
		CAB45E6F29A67A9C006C804E /* Video */ = {
			isa = PBXGroup;
			children = (
				CAB45E7429A67AB3006C804E /* cheetah.mp4 */,
				CAB45E7529A67AB4006C804E /* elephant.mp4 */,
				CAB45E7129A67AB2006C804E /* giraffe.mp4 */,
				CAB45E7229A67AB3006C804E /* gorilla.mp4 */,
				CAB45E7329A67AB3006C804E /* hippo.mp4 */,
				CAB45E7929A67AB5006C804E /* lion.mp4 */,
				CAB45E7629A67AB4006C804E /* lioness.mp4 */,
				CAB45E7729A67AB4006C804E /* ostrich.mp4 */,
				CAB45E7029A67AB2006C804E /* rhino.mp4 */,
				CAB45E7829A67AB5006C804E /* zebra.mp4 */,
			);
			path = Video;
			sourceTree = "<group>";
		};
		CAB45E8429A67ADC006C804E /* Data */ = {
			isa = PBXGroup;
			children = (
				CAB45E8629A67AF5006C804E /* animals.json */,
				CAB45E8529A67AF5006C804E /* covers.json */,
				CAB45E8729A67AF5006C804E /* locations.json */,
				CAB45E8929A67AF5006C804E /* videos.json */,
			);
			path = Data;
			sourceTree = "<group>";
		};
		CAB45E9029A67C0F006C804E /* App */ = {
			isa = PBXGroup;
			children = (
				CAB45E6129A673E5006C804E /* Africa_SwiftUIApp.swift */,
				CAB45E6329A673E5006C804E /* ContentView.swift */,
				CAB45E9129A67C35006C804E /* VideoListView.swift */,
				CAB45E9329A67C4F006C804E /* MapView.swift */,
				CAB45E9529A67C6C006C804E /* GalleryView.swift */,
				CAB45E9729A67C86006C804E /* MainView.swift */,
			);
			path = App;
			sourceTree = "<group>";
		};
		CAB61B4929A680FC009B4D45 /* View */ = {
			isa = PBXGroup;
			children = (
				CAB61B4A29A68119009B4D45 /* CoverImageView.swift */,
				CAB61B5229A6863E009B4D45 /* AnimalListItemView.swift */,
				CADA025529A7E7D3001783D6 /* AnimalDetailView.swift */,
				CADA025729A7E99A001783D6 /* HeadingView.swift */,
				CADA025929A7EA99001783D6 /* InsetGalleryView.swift */,
				CADA025B29A7ED26001783D6 /* InsetFactView.swift */,
				CADA025D29A7EEBC001783D6 /* InsetMapView.swift */,
				CADA025F29A7F0A6001783D6 /* ExternalWeblinkView.swift */,
				CADA026329A7F311001783D6 /* VideoListItemView.swift */,
			);
			path = View;
			sourceTree = "<group>";
		};
		CAB61B4C29A682AD009B4D45 /* Model */ = {
			isa = PBXGroup;
			children = (
				CAB61B4D29A682BA009B4D45 /* CoverImageModel.swift */,
				CAB61B5429A6875B009B4D45 /* AnimalModel.swift */,
				CADA026129A7F2CB001783D6 /* VideoModel.swift */,
			);
			path = Model;
			sourceTree = "<group>";
		};
		CAB61B4F29A68371009B4D45 /* Extension */ = {
			isa = PBXGroup;
			children = (
				CAB61B5029A68381009B4D45 /* CodableBundleExtension.swift */,
			);
			path = Extension;
			sourceTree = "<group>";
		};
/* End PBXGroup section */

/* Begin PBXNativeTarget section */
		CAB45E5D29A673E5006C804E /* Africa_SwiftUI */ = {
			isa = PBXNativeTarget;
			buildConfigurationList = CAB45E6C29A673E8006C804E /* Build configuration list for PBXNativeTarget "Africa_SwiftUI" */;
			buildPhases = (
				CAB45E5A29A673E5006C804E /* Sources */,
				CAB45E5B29A673E5006C804E /* Frameworks */,
				CAB45E5C29A673E5006C804E /* Resources */,
			);
			buildRules = (
			);
			dependencies = (
			);
			name = Africa_SwiftUI;
			productName = Africa_SwiftUI;
			productReference = CAB45E5E29A673E5006C804E /* Africa_SwiftUI.app */;
			productType = "com.apple.product-type.application";
		};
/* End PBXNativeTarget section */

/* Begin PBXProject section */
		CAB45E5629A673E5006C804E /* Project object */ = {
			isa = PBXProject;
			attributes = {
				BuildIndependentTargetsInParallel = 1;
				LastSwiftUpdateCheck = 1410;
				LastUpgradeCheck = 1410;
				TargetAttributes = {
					CAB45E5D29A673E5006C804E = {
						CreatedOnToolsVersion = 14.1;
					};
				};
			};
			buildConfigurationList = CAB45E5929A673E5006C804E /* Build configuration list for PBXProject "Africa_SwiftUI" */;
			compatibilityVersion = "Xcode 14.0";
			developmentRegion = en;
			hasScannedForEncodings = 0;
			knownRegions = (
				en,
				Base,
			);
			mainGroup = CAB45E5529A673E5006C804E;
			productRefGroup = CAB45E5F29A673E5006C804E /* Products */;
			projectDirPath = "";
			projectRoot = "";
			targets = (
				CAB45E5D29A673E5006C804E /* Africa_SwiftUI */,
			);
		};
/* End PBXProject section */

/* Begin PBXResourcesBuildPhase section */
		CAB45E5C29A673E5006C804E /* Resources */ = {
			isa = PBXResourcesBuildPhase;
			buildActionMask = 2147483647;
			files = (
				CAB45E8E29A67AF5006C804E /* videos.json in Resources */,
				CAB45E8A29A67AF5006C804E /* covers.json in Resources */,
				CAB45E7A29A67AB5006C804E /* rhino.mp4 in Resources */,
				CAB45E8329A67AB5006C804E /* lion.mp4 in Resources */,
				CAB45E6929A673E8006C804E /* Preview Assets.xcassets in Resources */,
				CAB45E8029A67AB5006C804E /* lioness.mp4 in Resources */,
				CAB45E7C29A67AB5006C804E /* gorilla.mp4 in Resources */,
				CAB45E7B29A67AB5006C804E /* giraffe.mp4 in Resources */,
				CAB45E8C29A67AF5006C804E /* locations.json in Resources */,
				CAB45E8B29A67AF5006C804E /* animals.json in Resources */,
				CAB45E7F29A67AB5006C804E /* elephant.mp4 in Resources */,
				CAB45E8229A67AB5006C804E /* zebra.mp4 in Resources */,
				CAB45E7D29A67AB5006C804E /* hippo.mp4 in Resources */,
				CAB45E6629A673E8006C804E /* Assets.xcassets in Resources */,
				CAB45E8129A67AB5006C804E /* ostrich.mp4 in Resources */,
				CAB45E7E29A67AB5006C804E /* cheetah.mp4 in Resources */,
			);
			runOnlyForDeploymentPostprocessing = 0;
		};
/* End PBXResourcesBuildPhase section */

/* Begin PBXSourcesBuildPhase section */
		CAB45E5A29A673E5006C804E /* Sources */ = {
			isa = PBXSourcesBuildPhase;
			buildActionMask = 2147483647;
			files = (
				CADA026029A7F0A6001783D6 /* ExternalWeblinkView.swift in Sources */,
				CAB45E6429A673E5006C804E /* ContentView.swift in Sources */,
				CAB61B5329A6863E009B4D45 /* AnimalListItemView.swift in Sources */,
				CAB45E9829A67C86006C804E /* MainView.swift in Sources */,
				CADA025C29A7ED26001783D6 /* InsetFactView.swift in Sources */,
				CAB61B4B29A68119009B4D45 /* CoverImageView.swift in Sources */,
				CAB61B4E29A682BA009B4D45 /* CoverImageModel.swift in Sources */,
				CADA025629A7E7D3001783D6 /* AnimalDetailView.swift in Sources */,
				CAB61B5529A6875B009B4D45 /* AnimalModel.swift in Sources */,
				CAB45E9429A67C4F006C804E /* MapView.swift in Sources */,
				CADA025E29A7EEBC001783D6 /* InsetMapView.swift in Sources */,
				CAB45E6229A673E5006C804E /* Africa_SwiftUIApp.swift in Sources */,
				CAB45E9229A67C35006C804E /* VideoListView.swift in Sources */,
				CADA026229A7F2CB001783D6 /* VideoModel.swift in Sources */,
				CAB45E9629A67C6C006C804E /* GalleryView.swift in Sources */,
				CADA025A29A7EA99001783D6 /* InsetGalleryView.swift in Sources */,
				CADA026429A7F311001783D6 /* VideoListItemView.swift in Sources */,
				CAB61B5129A68381009B4D45 /* CodableBundleExtension.swift in Sources */,
				CADA025829A7E99A001783D6 /* HeadingView.swift in Sources */,
			);
			runOnlyForDeploymentPostprocessing = 0;
		};
/* End PBXSourcesBuildPhase section */

/* Begin XCBuildConfiguration section */
		CAB45E6A29A673E8006C804E /* Debug */ = {
			isa = XCBuildConfiguration;
			buildSettings = {
				ALWAYS_SEARCH_USER_PATHS = NO;
				CLANG_ANALYZER_NONNULL = YES;
				CLANG_ANALYZER_NUMBER_OBJECT_CONVERSION = YES_AGGRESSIVE;
				CLANG_CXX_LANGUAGE_STANDARD = "gnu++20";
				CLANG_ENABLE_MODULES = YES;
				CLANG_ENABLE_OBJC_ARC = YES;
				CLANG_ENABLE_OBJC_WEAK = YES;
				CLANG_WARN_BLOCK_CAPTURE_AUTORELEASING = YES;
				CLANG_WARN_BOOL_CONVERSION = YES;
				CLANG_WARN_COMMA = YES;
				CLANG_WARN_CONSTANT_CONVERSION = YES;
				CLANG_WARN_DEPRECATED_OBJC_IMPLEMENTATIONS = YES;
				CLANG_WARN_DIRECT_OBJC_ISA_USAGE = YES_ERROR;
				CLANG_WARN_DOCUMENTATION_COMMENTS = YES;
				CLANG_WARN_EMPTY_BODY = YES;
				CLANG_WARN_ENUM_CONVERSION = YES;
				CLANG_WARN_INFINITE_RECURSION = YES;
				CLANG_WARN_INT_CONVERSION = YES;
				CLANG_WARN_NON_LITERAL_NULL_CONVERSION = YES;
				CLANG_WARN_OBJC_IMPLICIT_RETAIN_SELF = YES;
				CLANG_WARN_OBJC_LITERAL_CONVERSION = YES;
				CLANG_WARN_OBJC_ROOT_CLASS = YES_ERROR;
				CLANG_WARN_QUOTED_INCLUDE_IN_FRAMEWORK_HEADER = YES;
				CLANG_WARN_RANGE_LOOP_ANALYSIS = YES;
				CLANG_WARN_STRICT_PROTOTYPES = YES;
				CLANG_WARN_SUSPICIOUS_MOVE = YES;
				CLANG_WARN_UNGUARDED_AVAILABILITY = YES_AGGRESSIVE;
				CLANG_WARN_UNREACHABLE_CODE = YES;
				CLANG_WARN__DUPLICATE_METHOD_MATCH = YES;
				COPY_PHASE_STRIP = NO;
				DEBUG_INFORMATION_FORMAT = dwarf;
				ENABLE_STRICT_OBJC_MSGSEND = YES;
				ENABLE_TESTABILITY = YES;
				GCC_C_LANGUAGE_STANDARD = gnu11;
				GCC_DYNAMIC_NO_PIC = NO;
				GCC_NO_COMMON_BLOCKS = YES;
				GCC_OPTIMIZATION_LEVEL = 0;
				GCC_PREPROCESSOR_DEFINITIONS = (
					"DEBUG=1",
					"$(inherited)",
				);
				GCC_WARN_64_TO_32_BIT_CONVERSION = YES;
				GCC_WARN_ABOUT_RETURN_TYPE = YES_ERROR;
				GCC_WARN_UNDECLARED_SELECTOR = YES;
				GCC_WARN_UNINITIALIZED_AUTOS = YES_AGGRESSIVE;
				GCC_WARN_UNUSED_FUNCTION = YES;
				GCC_WARN_UNUSED_VARIABLE = YES;
				IPHONEOS_DEPLOYMENT_TARGET = 16.1;
				MTL_ENABLE_DEBUG_INFO = INCLUDE_SOURCE;
				MTL_FAST_MATH = YES;
				ONLY_ACTIVE_ARCH = YES;
				SDKROOT = iphoneos;
				SWIFT_ACTIVE_COMPILATION_CONDITIONS = DEBUG;
				SWIFT_OPTIMIZATION_LEVEL = "-Onone";
			};
			name = Debug;
		};
		CAB45E6B29A673E8006C804E /* Release */ = {
			isa = XCBuildConfiguration;
			buildSettings = {
				ALWAYS_SEARCH_USER_PATHS = NO;
				CLANG_ANALYZER_NONNULL = YES;
				CLANG_ANALYZER_NUMBER_OBJECT_CONVERSION = YES_AGGRESSIVE;
				CLANG_CXX_LANGUAGE_STANDARD = "gnu++20";
				CLANG_ENABLE_MODULES = YES;
				CLANG_ENABLE_OBJC_ARC = YES;
				CLANG_ENABLE_OBJC_WEAK = YES;
				CLANG_WARN_BLOCK_CAPTURE_AUTORELEASING = YES;
				CLANG_WARN_BOOL_CONVERSION = YES;
				CLANG_WARN_COMMA = YES;
				CLANG_WARN_CONSTANT_CONVERSION = YES;
				CLANG_WARN_DEPRECATED_OBJC_IMPLEMENTATIONS = YES;
				CLANG_WARN_DIRECT_OBJC_ISA_USAGE = YES_ERROR;
				CLANG_WARN_DOCUMENTATION_COMMENTS = YES;
				CLANG_WARN_EMPTY_BODY = YES;
				CLANG_WARN_ENUM_CONVERSION = YES;
				CLANG_WARN_INFINITE_RECURSION = YES;
				CLANG_WARN_INT_CONVERSION = YES;
				CLANG_WARN_NON_LITERAL_NULL_CONVERSION = YES;
				CLANG_WARN_OBJC_IMPLICIT_RETAIN_SELF = YES;
				CLANG_WARN_OBJC_LITERAL_CONVERSION = YES;
				CLANG_WARN_OBJC_ROOT_CLASS = YES_ERROR;
				CLANG_WARN_QUOTED_INCLUDE_IN_FRAMEWORK_HEADER = YES;
				CLANG_WARN_RANGE_LOOP_ANALYSIS = YES;
				CLANG_WARN_STRICT_PROTOTYPES = YES;
				CLANG_WARN_SUSPICIOUS_MOVE = YES;
				CLANG_WARN_UNGUARDED_AVAILABILITY = YES_AGGRESSIVE;
				CLANG_WARN_UNREACHABLE_CODE = YES;
				CLANG_WARN__DUPLICATE_METHOD_MATCH = YES;
				COPY_PHASE_STRIP = NO;
				DEBUG_INFORMATION_FORMAT = "dwarf-with-dsym";
				ENABLE_NS_ASSERTIONS = NO;
				ENABLE_STRICT_OBJC_MSGSEND = YES;
				GCC_C_LANGUAGE_STANDARD = gnu11;
				GCC_NO_COMMON_BLOCKS = YES;
				GCC_WARN_64_TO_32_BIT_CONVERSION = YES;
				GCC_WARN_ABOUT_RETURN_TYPE = YES_ERROR;
				GCC_WARN_UNDECLARED_SELECTOR = YES;
				GCC_WARN_UNINITIALIZED_AUTOS = YES_AGGRESSIVE;
				GCC_WARN_UNUSED_FUNCTION = YES;
				GCC_WARN_UNUSED_VARIABLE = YES;
				IPHONEOS_DEPLOYMENT_TARGET = 16.1;
				MTL_ENABLE_DEBUG_INFO = NO;
				MTL_FAST_MATH = YES;
				SDKROOT = iphoneos;
				SWIFT_COMPILATION_MODE = wholemodule;
				SWIFT_OPTIMIZATION_LEVEL = "-O";
				VALIDATE_PRODUCT = YES;
			};
			name = Release;
		};
		CAB45E6D29A673E8006C804E /* Debug */ = {
			isa = XCBuildConfiguration;
			buildSettings = {
				ASSETCATALOG_COMPILER_APPICON_NAME = AppIcon;
				ASSETCATALOG_COMPILER_GLOBAL_ACCENT_COLOR_NAME = AccentColor;
				CODE_SIGN_STYLE = Automatic;
				CURRENT_PROJECT_VERSION = 1;
				DEVELOPMENT_ASSET_PATHS = "\"Africa_SwiftUI/Preview Content\"";
				DEVELOPMENT_TEAM = 5GJ7K7V26K;
				ENABLE_PREVIEWS = YES;
				GENERATE_INFOPLIST_FILE = YES;
				INFOPLIST_FILE = "Africa-SwiftUI-Info.plist";
				INFOPLIST_KEY_UIApplicationSceneManifest_Generation = YES;
				INFOPLIST_KEY_UIApplicationSupportsIndirectInputEvents = YES;
				INFOPLIST_KEY_UISupportedInterfaceOrientations_iPad = "UIInterfaceOrientationPortrait UIInterfaceOrientationPortraitUpsideDown UIInterfaceOrientationLandscapeLeft UIInterfaceOrientationLandscapeRight";
				INFOPLIST_KEY_UISupportedInterfaceOrientations_iPhone = "UIInterfaceOrientationPortrait UIInterfaceOrientationLandscapeLeft UIInterfaceOrientationLandscapeRight";
				INFOPLIST_KEY_UIUserInterfaceStyle = Dark;
				LD_RUNPATH_SEARCH_PATHS = (
					"$(inherited)",
					"@executable_path/Frameworks",
				);
				MARKETING_VERSION = 1.0;
				PRODUCT_BUNDLE_IDENTIFIER = "com.denmel.Africa-SwiftUI";
				PRODUCT_NAME = "$(TARGET_NAME)";
				SWIFT_EMIT_LOC_STRINGS = YES;
				SWIFT_VERSION = 5.0;
				TARGETED_DEVICE_FAMILY = "1,2";
			};
			name = Debug;
		};
		CAB45E6E29A673E8006C804E /* Release */ = {
			isa = XCBuildConfiguration;
			buildSettings = {
				ASSETCATALOG_COMPILER_APPICON_NAME = AppIcon;
				ASSETCATALOG_COMPILER_GLOBAL_ACCENT_COLOR_NAME = AccentColor;
				CODE_SIGN_STYLE = Automatic;
				CURRENT_PROJECT_VERSION = 1;
				DEVELOPMENT_ASSET_PATHS = "\"Africa_SwiftUI/Preview Content\"";
				DEVELOPMENT_TEAM = 5GJ7K7V26K;
				ENABLE_PREVIEWS = YES;
				GENERATE_INFOPLIST_FILE = YES;
				INFOPLIST_FILE = "Africa-SwiftUI-Info.plist";
				INFOPLIST_KEY_UIApplicationSceneManifest_Generation = YES;
				INFOPLIST_KEY_UIApplicationSupportsIndirectInputEvents = YES;
				INFOPLIST_KEY_UISupportedInterfaceOrientations_iPad = "UIInterfaceOrientationPortrait UIInterfaceOrientationPortraitUpsideDown UIInterfaceOrientationLandscapeLeft UIInterfaceOrientationLandscapeRight";
				INFOPLIST_KEY_UISupportedInterfaceOrientations_iPhone = "UIInterfaceOrientationPortrait UIInterfaceOrientationLandscapeLeft UIInterfaceOrientationLandscapeRight";
				INFOPLIST_KEY_UIUserInterfaceStyle = Dark;
				LD_RUNPATH_SEARCH_PATHS = (
					"$(inherited)",
					"@executable_path/Frameworks",
				);
				MARKETING_VERSION = 1.0;
				PRODUCT_BUNDLE_IDENTIFIER = "com.denmel.Africa-SwiftUI";
				PRODUCT_NAME = "$(TARGET_NAME)";
				SWIFT_EMIT_LOC_STRINGS = YES;
				SWIFT_VERSION = 5.0;
				TARGETED_DEVICE_FAMILY = "1,2";
			};
			name = Release;
		};
/* End XCBuildConfiguration section */

/* Begin XCConfigurationList section */
		CAB45E5929A673E5006C804E /* Build configuration list for PBXProject "Africa_SwiftUI" */ = {
			isa = XCConfigurationList;
			buildConfigurations = (
				CAB45E6A29A673E8006C804E /* Debug */,
				CAB45E6B29A673E8006C804E /* Release */,
			);
			defaultConfigurationIsVisible = 0;
			defaultConfigurationName = Release;
		};
		CAB45E6C29A673E8006C804E /* Build configuration list for PBXNativeTarget "Africa_SwiftUI" */ = {
			isa = XCConfigurationList;
			buildConfigurations = (
				CAB45E6D29A673E8006C804E /* Debug */,
				CAB45E6E29A673E8006C804E /* Release */,
			);
			defaultConfigurationIsVisible = 0;
			defaultConfigurationName = Release;
		};
/* End XCConfigurationList section */
	};
	rootObject = CAB45E5629A673E5006C804E /* Project object */;
}
